
Microsoft Visual Studio Solution File, Format Version 12.00
# Visual Studio Version 17
VisualStudioVersion = 17.7.34221.43
MinimumVisualStudioVersion = 10.0.40219.1
Project("{FAE04EC0-301F-11D3-BF4B-00C04F79EFBC}") = "WindowsFormsApp1", "WindowsFormsApp1\WindowsFormsApp1.csproj", "{245A57A5-29C4-4957-AC80-996909D38BC4}"
EndProject
Global
	GlobalSection(SolutionConfigurationPlatforms) = preSolution
		Debug|Any CPU = Debug|Any CPU
		Release|Any CPU = Release|Any CPU
	EndGlobalSection
	GlobalSection(ProjectConfigurationPlatforms) = postSolution
		{245A57A5-29C4-4957-AC80-996909D38BC4}.Debug|Any CPU.ActiveCfg = Debug|Any CPU
		{245A57A5-29C4-4957-AC80-996909D38BC4}.Debug|Any CPU.Build.0 = Debug|Any CPU
		{245A57A5-29C4-4957-AC80-996909D38BC4}.Release|Any CPU.ActiveCfg = Release|Any CPU
		{245A57A5-29C4-4957-AC80-996909D38BC4}.Release|Any CPU.Build.0 = Release|Any CPU
	EndGlobalSection
	GlobalSection(SolutionProperties) = preSolution
		HideSolutionNode = FALSE
	EndGlobalSection
	GlobalSection(ExtensibilityGlobals) = postSolution
		SolutionGuid = {3C6B31FD-A2B4-45C3-B0FB-0ED2A7CE6890}
	EndGlobalSection
EndGlobal
